github.com/google/go-cmp v0.7.0 h1:wk8382ETsv4JYUZwIsn6YpYiWiBsYLSJiTsyBybVuN8=
github.com/google/go-cmp v0.7.0/go.mod h1:pXiqmnSA92OHEEa9HXL2W4E7lf9JzCmGVUdgjX3N/iU=
golang.org/x/net v0.51.0 h1:94R/GTO7mt3/4wIKpcR5gkGmRLOuE/2hNGeWq/GBIFo=
golang.org/x/net v0.51.0/go.mod h1:aamm+2QF5ogm02fjy5Bb7CQ0WMt1/WVM7FtyaTLlA9Y=
golang.org/x/sys v0.42.0 h1:omrd2nAlyT5ESRdCLYdm3+fMfNFE/+Rf4bDIQImRJeo=
golang.org/x/sys v0.42.0/go.mod h1:4GL1E5IUh+htKOUEOaiffhrAeqysfVGipDYzABqnCmw=
golang.org/x/text v0.34.0 h1:oL/Qq0Kdaqxa1KbNeMKwQq0reLCCaFtqu2eNuSeNHbk=
golang.org/x/text v0.34.0/go.mod h1:homfLqTYRFyVYemLBFl5GgL/DWEiH5wcsQ5gSh1yziA=
google.golang.org/genproto/googleapis/rpc v0.0.0-20260226221140-a57be14db171 h1:ggcbiqK8WWh6l1dnltU4BgWGIGo+EVYxCaAPih/zQXQ=
google.golang.org/genproto/googleapis/rpc v0.0.0-20260226221140-a57be14db171/go.mod h1:4Hqkh8ycfw05ld/3BWL7rJOSfebL2Q+DVDeRgYgxUU8=
google.golang.org/grpc v1.81.0 h1:W3G9N3KQf3BU+YuCtGKJk0CmxQNbAISICD/9AORxLIw=
google.golang.org/grpc v1.81.0/go.mod h1:xGH9GfzOyMTGIOXBJmXt+BX/V0kcdQbdcuwQ/zNw42I=
google.golang.org/grpc/cmd/protoc-gen-go-grpc v1.6.2 h1:rgSNvqscFZ1JgV/4wH5GOsZFSFkR2Eua9As3KIr2LlM=
google.golang.org/grpc/cmd/protoc-gen-go-grpc v1.6.2/go.mod h1:iMEtFwDlAhjDU9L5mY6U1XLwlIId/G3h+QcBHDIvrJ8=
google.golang.org/protobuf v1.36.11 h1:fV6ZwhNocDyBLK0dj+fg8ektcVegBBuEolpbTQyBNVE=
google.golang.org/protobuf v1.36.11/go.mod h1:HTf+CrKn2C3g5S8VImy6tdcUvCska2kB7j23XfzDpco=
